
Microsoft Visual Studio Solution File, Format Version 12.00
# Visual Studio Version 17
VisualStudioVersion = 17.3.32825.248
MinimumVisualStudioVersion = 10.0.40219.1
Project("{FAE04EC0-301F-11D3-BF4B-00C04F79EFBC}") = "zombieIndaTetris", "zombieIndaTetris\zombieIndaTetris.csproj", "{ACACD8DD-A33A-467B-9D27-4C8827B1CC0C}"
EndProject
Global
	GlobalSection(SolutionConfigurationPlatforms) = preSolution
		Debug|Any CPU = Debug|Any CPU
		Release|Any CPU = Release|Any CPU
	EndGlobalSection
	GlobalSection(ProjectConfigurationPlatforms) = postSolution
		{ACACD8DD-A33A-467B-9D27-4C8827B1CC0C}.Debug|Any CPU.ActiveCfg = Debug|Any CPU
		{ACACD8DD-A33A-467B-9D27-4C8827B1CC0C}.Debug|Any CPU.Build.0 = Debug|Any CPU
		{ACACD8DD-A33A-467B-9D27-4C8827B1CC0C}.Release|Any CPU.ActiveCfg = Release|Any CPU
		{ACACD8DD-A33A-467B-9D27-4C8827B1CC0C}.Release|Any CPU.Build.0 = Release|Any CPU
	EndGlobalSection
	GlobalSection(SolutionProperties) = preSolution
		HideSolutionNode = FALSE
	EndGlobalSection
	GlobalSection(ExtensibilityGlobals) = postSolution
		SolutionGuid = {ECE77DCA-3326-4946-8A3A-78CF1EAA1E69}
	EndGlobalSection
EndGlobal
